{
  "nodes": {
    "disko": {
      "inputs": {
        "nixpkgs": [
          "n9",
          "nixpkgs"
        ]
      },
      "locked": {
        "lastModified": 1737038063,
        "narHash": "sha256-rMEuiK69MDhjz1JgbaeQ9mBDXMJ2/P8vmOYRbFndXsk=",
        "owner": "nix-community",
        "repo": "disko",
        "rev": "bf0abfde48f469c256f2b0f481c6281ff04a5db2",
        "type": "github"
      },
      "original": {
        "owner": "nix-community",
        "repo": "disko",
        "type": "github"
      }
    },
    "home-manager": {
      "inputs": {
        "nixpkgs": [
          "n9",
          "nixpkgs"
        ]
      },
      "locked": {
        "lastModified": 1737461688,
        "narHash": "sha256-zQCFe5FcSSGzY3qauAAHZcPt7Ej4WSGo78ShSTCSBvU=",
        "owner": "nix-community",
        "repo": "home-manager",
        "rev": "bb14224f51ae4caed12a7b26f245d042c8cf8553",
        "type": "github"
      },
      "original": {
        "owner": "nix-community",
        "repo": "home-manager",
        "type": "github"
      }
    },
    "n9": {
      "inputs": {
        "disko": "disko",
        "home-manager": "home-manager",
        "nixpkgs": "nixpkgs",
        "sops-nix": "sops-nix"
      },
      "locked": {
        "lastModified": 1,
        "narHash": "sha256-kOX0XltsvwOeIRds3joUw5G+XfErgRpDLz0LlQTM1+g=",
        "path": "/nix/store/xg1mc8w11803qvls43jqivzr9zbgkymn-source/irix",
        "type": "path"
      },
      "original": {
        "path": "/nix/store/xg1mc8w11803qvls43jqivzr9zbgkymn-source/irix",
        "type": "path"
      }
    },
    "nixpkgs": {
      "locked": {
        "lastModified": 1737370608,
        "narHash": "sha256-hFA6SmioeqvGW/XvZa9bxniAeulksCOcj3kokdNT/YE=",
        "owner": "NixOS",
        "repo": "nixpkgs",
        "rev": "300081d0cc72df578b02d914df941b8ec62240e6",
        "type": "github"
      },
      "original": {
        "owner": "NixOS",
        "ref": "nixpkgs-unstable",
        "repo": "nixpkgs",
        "type": "github"
      }
    },
    "root": {
      "inputs": {
        "n9": "n9"
      }
    },
    "sops-nix": {
      "inputs": {
        "nixpkgs": [
          "n9",
          "nixpkgs"
        ]
      },
      "locked": {
        "lastModified": 1737411508,
        "narHash": "sha256-j9IdflJwRtqo9WpM0OfAZml47eBblUHGNQTe62OUqTw=",
        "owner": "Mic92",
        "repo": "sops-nix",
        "rev": "015d461c16678fc02a2f405eb453abb509d4e1d4",
        "type": "github"
      },
      "original": {
        "owner": "Mic92",
        "repo": "sops-nix",
        "type": "github"
      }
    }
  },
  "root": "root",
  "version": 7
}
