{
  "nodes": {
    "disko": {
      "inputs": {
        "nixpkgs": [
          "n9",
          "nixpkgs"
        ]
      },
      "locked": {
        "lastModified": 1737038063,
        "narHash": "sha256-rMEuiK69MDhjz1JgbaeQ9mBDXMJ2/P8vmOYRbFndXsk=",
        "owner": "nix-community",
        "repo": "disko",
        "rev": "bf0abfde48f469c256f2b0f481c6281ff04a5db2",
        "type": "github"
      },
      "original": {
        "owner": "nix-community",
        "repo": "disko",
        "type": "github"
      }
    },
    "home-manager": {
      "inputs": {
        "nixpkgs": [
          "n9",
          "nixpkgs"
        ]
      },
      "locked": {
        "lastModified": 1737299337,
        "narHash": "sha256-0NBrY2A7buujKmeCbieopOMSbLxTu8TFcTLqAbTnQDw=",
        "owner": "nix-community",
        "repo": "home-manager",
        "rev": "f8ef4541bb8a54a8b52f19b52912119e689529b3",
        "type": "github"
      },
      "original": {
        "owner": "nix-community",
        "repo": "home-manager",
        "type": "github"
      }
    },
    "n9": {
      "inputs": {
        "disko": "disko",
        "home-manager": "home-manager",
        "nixpkgs": "nixpkgs"
      },
      "locked": {
        "lastModified": 1,
        "narHash": "sha256-PKePZ2QIxz4jXYr754+/jC0QGYjAF1YiYltg862WTWQ=",
        "path": "/nix/store/bwzvy84d9gr3gfmmj52kcp0wa6hfipgp-source/irix",
        "type": "path"
      },
      "original": {
        "path": "/nix/store/bwzvy84d9gr3gfmmj52kcp0wa6hfipgp-source/irix",
        "type": "path"
      }
    },
    "nixpkgs": {
      "locked": {
        "lastModified": 1737205742,
        "narHash": "sha256-rxkf8k6zfBzZigMKaN83XIm+2Wog4xvIEsho81AhkXk=",
        "owner": "NixOS",
        "repo": "nixpkgs",
        "rev": "5223d4097bb2c9e89d133f61f898df611d5ea3ca",
        "type": "github"
      },
      "original": {
        "owner": "NixOS",
        "ref": "nixpkgs-unstable",
        "repo": "nixpkgs",
        "type": "github"
      }
    },
    "root": {
      "inputs": {
        "n9": "n9"
      }
    }
  },
  "root": "root",
  "version": 7
}
