{
  "nodes": {
    "disko": {
      "inputs": {
        "nixpkgs": [
          "n9",
          "nixpkgs"
        ]
      },
      "locked": {
        "lastModified": 1737038063,
        "narHash": "sha256-rMEuiK69MDhjz1JgbaeQ9mBDXMJ2/P8vmOYRbFndXsk=",
        "owner": "nix-community",
        "repo": "disko",
        "rev": "bf0abfde48f469c256f2b0f481c6281ff04a5db2",
        "type": "github"
      },
      "original": {
        "owner": "nix-community",
        "repo": "disko",
        "type": "github"
      }
    },
    "home-manager": {
      "inputs": {
        "nixpkgs": [
          "n9",
          "nixpkgs"
        ]
      },
      "locked": {
        "lastModified": 1737968762,
        "narHash": "sha256-xiPARGKwocaMtv+U/rgi+h2g56CZZEmrcl7ldRaslq8=",
        "owner": "nix-community",
        "repo": "home-manager",
        "rev": "e1ae908bcc30af792b0bb0a52e53b03d2577255e",
        "type": "github"
      },
      "original": {
        "owner": "nix-community",
        "repo": "home-manager",
        "type": "github"
      }
    },
    "n9": {
      "inputs": {
        "disko": "disko",
        "home-manager": "home-manager",
        "nixpkgs": "nixpkgs",
        "sops-nix": "sops-nix"
      },
      "locked": {
        "lastModified": 1,
        "narHash": "sha256-m+KCgcUS1Hp3X+Wu8H0GPz7DZDIpPx89hPU0uRFczS4=",
        "path": "/nix/store/0vb5nyv6dsnzgkksb43gq619d2caj07k-source/ampersand",
        "type": "path"
      },
      "original": {
        "path": "/nix/store/0vb5nyv6dsnzgkksb43gq619d2caj07k-source/ampersand",
        "type": "path"
      }
    },
    "nixpkgs": {
      "locked": {
        "lastModified": 1737942377,
        "narHash": "sha256-8Eo/jRAgT3CbAloyqOj6uPN1EqBvLI/Tv2g+RxHjkhU=",
        "owner": "NixOS",
        "repo": "nixpkgs",
        "rev": "88a55dffa4d44d294c74c298daf75824dc0aafb5",
        "type": "github"
      },
      "original": {
        "owner": "NixOS",
        "ref": "nixpkgs-unstable",
        "repo": "nixpkgs",
        "type": "github"
      }
    },
    "root": {
      "inputs": {
        "n9": "n9"
      }
    },
    "sops-nix": {
      "inputs": {
        "nixpkgs": [
          "n9",
          "nixpkgs"
        ]
      },
      "locked": {
        "lastModified": 1737411508,
        "narHash": "sha256-j9IdflJwRtqo9WpM0OfAZml47eBblUHGNQTe62OUqTw=",
        "owner": "Mic92",
        "repo": "sops-nix",
        "rev": "015d461c16678fc02a2f405eb453abb509d4e1d4",
        "type": "github"
      },
      "original": {
        "owner": "Mic92",
        "repo": "sops-nix",
        "type": "github"
      }
    }
  },
  "root": "root",
  "version": 7
}
