{
  "nodes": {
    "disko": {
      "inputs": {
        "nixpkgs": [
          "n9",
          "nixpkgs"
        ]
      },
      "locked": {
        "lastModified": 1738148035,
        "narHash": "sha256-KYOATYEwaKysL3HdHdS5kbQMXvzS4iPJzJrML+3TKAo=",
        "owner": "nix-community",
        "repo": "disko",
        "rev": "18d0a984cc2bc82cf61df19523a34ad463aa7f54",
        "type": "github"
      },
      "original": {
        "owner": "nix-community",
        "repo": "disko",
        "type": "github"
      }
    },
    "home-manager": {
      "inputs": {
        "nixpkgs": [
          "n9",
          "nixpkgs"
        ]
      },
      "locked": {
        "lastModified": 1738753876,
        "narHash": "sha256-yXT82kERWL4R81hfun9BuT478Q6ut0dJzdQjAxjRS38=",
        "owner": "nix-community",
        "repo": "home-manager",
        "rev": "f20b7a8ab527a2482f13754dc00b2deaddc34599",
        "type": "github"
      },
      "original": {
        "owner": "nix-community",
        "repo": "home-manager",
        "type": "github"
      }
    },
    "n9": {
      "inputs": {
        "disko": "disko",
        "home-manager": "home-manager",
        "nixpkgs": "nixpkgs",
        "sops-nix": "sops-nix"
      },
      "locked": {
        "lastModified": 1,
        "narHash": "sha256-8bRKpqU/HfmFc75MVSeLkEMjp2gCATPBXiOYyEjsFEg=",
        "path": "/nix/store/8gwpgcb4rr36yjp7k4gjpi4m9mqnh207-source/ampersand",
        "type": "path"
      },
      "original": {
        "path": "/nix/store/8gwpgcb4rr36yjp7k4gjpi4m9mqnh207-source/ampersand",
        "type": "path"
      }
    },
    "nixpkgs": {
      "locked": {
        "lastModified": 1738680400,
        "narHash": "sha256-ooLh+XW8jfa+91F1nhf9OF7qhuA/y1ChLx6lXDNeY5U=",
        "owner": "NixOS",
        "repo": "nixpkgs",
        "rev": "799ba5bffed04ced7067a91798353d360788b30d",
        "type": "github"
      },
      "original": {
        "owner": "NixOS",
        "ref": "nixos-unstable",
        "repo": "nixpkgs",
        "type": "github"
      }
    },
    "root": {
      "inputs": {
        "n9": "n9"
      }
    },
    "sops-nix": {
      "inputs": {
        "nixpkgs": [
          "n9",
          "nixpkgs"
        ]
      },
      "locked": {
        "lastModified": 1738291974,
        "narHash": "sha256-wkwYJc8cKmmQWUloyS9KwttBnja2ONRuJQDEsmef320=",
        "owner": "Mic92",
        "repo": "sops-nix",
        "rev": "4c1251904d8a08c86ac6bc0d72cc09975e89aef7",
        "type": "github"
      },
      "original": {
        "owner": "Mic92",
        "repo": "sops-nix",
        "type": "github"
      }
    }
  },
  "root": "root",
  "version": 7
}
